version = 1
revision = 2
requires-python = ">=3.12"

[[package]]
name = "app-build-neurips25"
version = "0.1.0"
source = { virtual = "." }
dependencies = [
    { name = "fire" },
    { name = "polars" },
    { name = "pyright" },
    { name = "ujson" },
]

[package.metadata]
requires-dist = [
    { name = "fire", specifier = ">=0.7.1" },
    { name = "polars", specifier = ">=1.32.3" },
    { name = "pyright", specifier = ">=1.1.403" },
    { name = "ujson", specifier = ">=5.11.0" },
]

[[package]]
name = "fire"
version = "0.7.1"
source = { registry = "https://pypi.org/simple" }
dependencies = [
    { name = "termcolor" },
]
sdist = { url = "https://files.pythonhosted.org/packages/c0/00/f8d10588d2019d6d6452653def1ee807353b21983db48550318424b5ff18/fire-0.7.1.tar.gz", hash = "sha256:3b208f05c736de98fb343310d090dcc4d8c78b2a89ea4f32b837c586270a9cbf", size = 88720, upload-time = "2025-08-16T20:20:24.175Z" }
wheels = [
    { url = "https://files.pythonhosted.org/packages/e5/4c/93d0f85318da65923e4b91c1c2ff03d8a458cbefebe3bc612a6693c7906d/fire-0.7.1-py3-none-any.whl", hash = "sha256:e43fd8a5033a9001e7e2973bab96070694b9f12f2e0ecf96d4683971b5ab1882", size = 115945, upload-time = "2025-08-16T20:20:22.87Z" },
]

[[package]]
name = "nodeenv"
version = "1.9.1"
source = { registry = "https://pypi.org/simple" }
sdist = { url = "https://files.pythonhosted.org/packages/43/16/fc88b08840de0e0a72a2f9d8c6bae36be573e475a6326ae854bcc549fc45/nodeenv-1.9.1.tar.gz", hash = "sha256:6ec12890a2dab7946721edbfbcd91f3319c6ccc9aec47be7c7e6b7011ee6645f", size = 47437, upload-time = "2024-06-04T18:44:11.171Z" }
wheels = [
    { url = "https://files.pythonhosted.org/packages/d2/1d/1b658dbd2b9fa9c4c9f32accbfc0205d532c8c6194dc0f2a4c0428e7128a/nodeenv-1.9.1-py2.py3-none-any.whl", hash = "sha256:ba11c9782d29c27c70ffbdda2d7415098754709be8a7056d79a737cd901155c9", size = 22314, upload-time = "2024-06-04T18:44:08.352Z" },
]

[[package]]
name = "polars"
version = "1.32.3"
source = { registry = "https://pypi.org/simple" }
sdist = { url = "https://files.pythonhosted.org/packages/aa/f2/1a76a8bd902bc4942e435a480f362c8687bba60d438ff3283191e38568fa/polars-1.32.3.tar.gz", hash = "sha256:57c500dc1b5cba49b0589034478db031815f3d57a20cb830b05ecee1a9ba56b1", size = 4838448, upload-time = "2025-08-14T17:28:10.702Z" }
wheels = [
    { url = "https://files.pythonhosted.org/packages/4c/9b/5937ab9f8fa49c8e00617aeb817a5ffa5740434d5bb8a90f2afa657875aa/polars-1.32.3-cp39-abi3-macosx_10_12_x86_64.whl", hash = "sha256:c7c472ea1d50a5104079cb64e34f78f85774bcc69b875ba8daf21233f4c70d42", size = 37935794, upload-time = "2025-08-14T17:26:55.565Z" },
    { url = "https://files.pythonhosted.org/packages/6e/e9/88f5332001b9dd5c8e0a4fab51015f740e01715a081c41bc0f7ad2bf76a5/polars-1.32.3-cp39-abi3-macosx_11_0_arm64.whl", hash = "sha256:fd87275f0cc795e72a2030b58293198cfa748d4b009cf52218e27db5397ed07f", size = 34621102, upload-time = "2025-08-14T17:27:00.521Z" },
    { url = "https://files.pythonhosted.org/packages/ab/8a/6f56af7e535c34c95decc8654786bfce4632ba32817dc2f8bad18571ef9a/polars-1.32.3-cp39-abi3-manylinux_2_17_x86_64.manylinux2014_x86_64.whl", hash = "sha256:c9a9b9668ef310e5a77a7e7daa9c753874779c8da52e93f654bfd7953eb4b60b", size = 38443071, upload-time = "2025-08-14T17:27:08.382Z" },
    { url = "https://files.pythonhosted.org/packages/46/aa/63536ea5780edc0ef6850679dc81d519f3966c7bb11a5cf10ccecb541095/polars-1.32.3-cp39-abi3-manylinux_2_24_aarch64.whl", hash = "sha256:c8f5d2f43b80b68e39bfaa2948ce632563633466576f12e74e8560d6481f5851", size = 35639598, upload-time = "2025-08-14T17:27:12.261Z" },
    { url = "https://files.pythonhosted.org/packages/d7/c8/226953cda6cf9ae63aa9714d396a9138029e31db3c504c15d6711b618f8f/polars-1.32.3-cp39-abi3-win_amd64.whl", hash = "sha256:db56a7cb4898e173d62634e182f74bdff744c62be5470e0fe20df8d10f659af7", size = 38038192, upload-time = "2025-08-14T17:27:15.993Z" },
    { url = "https://files.pythonhosted.org/packages/ec/99/6b93c854e602927a778eabd7550204f700cc4e6c07be73372371583dda3e/polars-1.32.3-cp39-abi3-win_arm64.whl", hash = "sha256:a2e3f87c60f54eefe67b1bebd3105918d84df0fd6d59cc6b870c2f16d2d26ca1", size = 34198919, upload-time = "2025-08-14T17:27:21.423Z" },
]

[[package]]
name = "pyright"
version = "1.1.403"
source = { registry = "https://pypi.org/simple" }
dependencies = [
    { name = "nodeenv" },
    { name = "typing-extensions" },
]
sdist = { url = "https://files.pythonhosted.org/packages/fe/f6/35f885264ff08c960b23d1542038d8da86971c5d8c955cfab195a4f672d7/pyright-1.1.403.tar.gz", hash = "sha256:3ab69b9f41c67fb5bbb4d7a36243256f0d549ed3608678d381d5f51863921104", size = 3913526, upload-time = "2025-07-09T07:15:52.882Z" }
wheels = [
    { url = "https://files.pythonhosted.org/packages/49/b6/b04e5c2f41a5ccad74a1a4759da41adb20b4bc9d59a5e08d29ba60084d07/pyright-1.1.403-py3-none-any.whl", hash = "sha256:c0eeca5aa76cbef3fcc271259bbd785753c7ad7bcac99a9162b4c4c7daed23b3", size = 5684504, upload-time = "2025-07-09T07:15:50.958Z" },
]

[[package]]
name = "termcolor"
version = "3.1.0"
source = { registry = "https://pypi.org/simple" }
sdist = { url = "https://files.pythonhosted.org/packages/ca/6c/3d75c196ac07ac8749600b60b03f4f6094d54e132c4d94ebac6ee0e0add0/termcolor-3.1.0.tar.gz", hash = "sha256:6a6dd7fbee581909eeec6a756cff1d7f7c376063b14e4a298dc4980309e55970", size = 14324, upload-time = "2025-04-30T11:37:53.791Z" }
wheels = [
    { url = "https://files.pythonhosted.org/packages/4f/bd/de8d508070629b6d84a30d01d57e4a65c69aa7f5abe7560b8fad3b50ea59/termcolor-3.1.0-py3-none-any.whl", hash = "sha256:591dd26b5c2ce03b9e43f391264626557873ce1d379019786f99b0c2bee140aa", size = 7684, upload-time = "2025-04-30T11:37:52.382Z" },
]

[[package]]
name = "typing-extensions"
version = "4.14.1"
source = { registry = "https://pypi.org/simple" }
sdist = { url = "https://files.pythonhosted.org/packages/98/5a/da40306b885cc8c09109dc2e1abd358d5684b1425678151cdaed4731c822/typing_extensions-4.14.1.tar.gz", hash = "sha256:38b39f4aeeab64884ce9f74c94263ef78f3c22467c8724005483154c26648d36", size = 107673, upload-time = "2025-07-04T13:28:34.16Z" }
wheels = [
    { url = "https://files.pythonhosted.org/packages/b5/00/d631e67a838026495268c2f6884f3711a15a9a2a96cd244fdaea53b823fb/typing_extensions-4.14.1-py3-none-any.whl", hash = "sha256:d1e1e3b58374dc93031d6eda2420a48ea44a36c2b4766a4fdeb3710755731d76", size = 43906, upload-time = "2025-07-04T13:28:32.743Z" },
]

[[package]]
name = "ujson"
version = "5.11.0"
source = { registry = "https://pypi.org/simple" }
sdist = { url = "https://files.pythonhosted.org/packages/43/d9/3f17e3c5773fb4941c68d9a37a47b1a79c9649d6c56aefbed87cc409d18a/ujson-5.11.0.tar.gz", hash = "sha256:e204ae6f909f099ba6b6b942131cee359ddda2b6e4ea39c12eb8b991fe2010e0", size = 7156583, upload-time = "2025-08-20T11:57:02.452Z" }
wheels = [
    { url = "https://files.pythonhosted.org/packages/b9/ef/a9cb1fce38f699123ff012161599fb9f2ff3f8d482b4b18c43a2dc35073f/ujson-5.11.0-cp312-cp312-macosx_10_13_x86_64.whl", hash = "sha256:7895f0d2d53bd6aea11743bd56e3cb82d729980636cd0ed9b89418bf66591702", size = 55434, upload-time = "2025-08-20T11:55:34.987Z" },
    { url = "https://files.pythonhosted.org/packages/b1/05/dba51a00eb30bd947791b173766cbed3492269c150a7771d2750000c965f/ujson-5.11.0-cp312-cp312-macosx_11_0_arm64.whl", hash = "sha256:12b5e7e22a1fe01058000d1b317d3b65cc3daf61bd2ea7a2b76721fe160fa74d", size = 53190, upload-time = "2025-08-20T11:55:36.384Z" },
    { url = "https://files.pythonhosted.org/packages/03/3c/fd11a224f73fbffa299fb9644e425f38b38b30231f7923a088dd513aabb4/ujson-5.11.0-cp312-cp312-manylinux_2_24_aarch64.manylinux_2_28_aarch64.whl", hash = "sha256:0180a480a7d099082501cad1fe85252e4d4bf926b40960fb3d9e87a3a6fbbc80", size = 57600, upload-time = "2025-08-20T11:55:37.692Z" },
    { url = "https://files.pythonhosted.org/packages/55/b9/405103cae24899df688a3431c776e00528bd4799e7d68820e7ebcf824f92/ujson-5.11.0-cp312-cp312-manylinux_2_24_i686.manylinux_2_28_i686.whl", hash = "sha256:fa79fdb47701942c2132a9dd2297a1a85941d966d8c87bfd9e29b0cf423f26cc", size = 59791, upload-time = "2025-08-20T11:55:38.877Z" },
    { url = "https://files.pythonhosted.org/packages/17/7b/2dcbc2bbfdbf68f2368fb21ab0f6735e872290bb604c75f6e06b81edcb3f/ujson-5.11.0-cp312-cp312-manylinux_2_24_x86_64.manylinux_2_28_x86_64.whl", hash = "sha256:8254e858437c00f17cb72e7a644fc42dad0ebb21ea981b71df6e84b1072aaa7c", size = 57356, upload-time = "2025-08-20T11:55:40.036Z" },
    { url = "https://files.pythonhosted.org/packages/d1/71/fea2ca18986a366c750767b694430d5ded6b20b6985fddca72f74af38a4c/ujson-5.11.0-cp312-cp312-musllinux_1_2_aarch64.whl", hash = "sha256:1aa8a2ab482f09f6c10fba37112af5f957689a79ea598399c85009f2f29898b5", size = 1036313, upload-time = "2025-08-20T11:55:41.408Z" },
    { url = "https://files.pythonhosted.org/packages/a3/bb/d4220bd7532eac6288d8115db51710fa2d7d271250797b0bfba9f1e755af/ujson-5.11.0-cp312-cp312-musllinux_1_2_i686.whl", hash = "sha256:a638425d3c6eed0318df663df44480f4a40dc87cc7c6da44d221418312f6413b", size = 1195782, upload-time = "2025-08-20T11:55:43.357Z" },
    { url = "https://files.pythonhosted.org/packages/80/47/226e540aa38878ce1194454385701d82df538ccb5ff8db2cf1641dde849a/ujson-5.11.0-cp312-cp312-musllinux_1_2_x86_64.whl", hash = "sha256:7e3cff632c1d78023b15f7e3a81c3745cd3f94c044d1e8fa8efbd6b161997bbc", size = 1088817, upload-time = "2025-08-20T11:55:45.262Z" },
    { url = "https://files.pythonhosted.org/packages/7e/81/546042f0b23c9040d61d46ea5ca76f0cc5e0d399180ddfb2ae976ebff5b5/ujson-5.11.0-cp312-cp312-win32.whl", hash = "sha256:be6b0eaf92cae8cdee4d4c9e074bde43ef1c590ed5ba037ea26c9632fb479c88", size = 39757, upload-time = "2025-08-20T11:55:46.522Z" },
    { url = "https://files.pythonhosted.org/packages/44/1b/27c05dc8c9728f44875d74b5bfa948ce91f6c33349232619279f35c6e817/ujson-5.11.0-cp312-cp312-win_amd64.whl", hash = "sha256:b7b136cc6abc7619124fd897ef75f8e63105298b5ca9bdf43ebd0e1fa0ee105f", size = 43859, upload-time = "2025-08-20T11:55:47.987Z" },
    { url = "https://files.pythonhosted.org/packages/22/2d/37b6557c97c3409c202c838aa9c960ca3896843b4295c4b7bb2bbd260664/ujson-5.11.0-cp312-cp312-win_arm64.whl", hash = "sha256:6cd2df62f24c506a0ba322d5e4fe4466d47a9467b57e881ee15a31f7ecf68ff6", size = 38361, upload-time = "2025-08-20T11:55:49.122Z" },
    { url = "https://files.pythonhosted.org/packages/1c/ec/2de9dd371d52c377abc05d2b725645326c4562fc87296a8907c7bcdf2db7/ujson-5.11.0-cp313-cp313-macosx_10_13_x86_64.whl", hash = "sha256:109f59885041b14ee9569bf0bb3f98579c3fa0652317b355669939e5fc5ede53", size = 55435, upload-time = "2025-08-20T11:55:50.243Z" },
    { url = "https://files.pythonhosted.org/packages/5b/a4/f611f816eac3a581d8a4372f6967c3ed41eddbae4008d1d77f223f1a4e0a/ujson-5.11.0-cp313-cp313-macosx_11_0_arm64.whl", hash = "sha256:a31c6b8004438e8c20fc55ac1c0e07dad42941db24176fe9acf2815971f8e752", size = 53193, upload-time = "2025-08-20T11:55:51.373Z" },
    { url = "https://files.pythonhosted.org/packages/e9/c5/c161940967184de96f5cbbbcce45b562a4bf851d60f4c677704b1770136d/ujson-5.11.0-cp313-cp313-manylinux_2_24_aarch64.manylinux_2_28_aarch64.whl", hash = "sha256:78c684fb21255b9b90320ba7e199780f653e03f6c2528663768965f4126a5b50", size = 57603, upload-time = "2025-08-20T11:55:52.583Z" },
    { url = "https://files.pythonhosted.org/packages/2b/d6/c7b2444238f5b2e2d0e3dab300b9ddc3606e4b1f0e4bed5a48157cebc792/ujson-5.11.0-cp313-cp313-manylinux_2_24_i686.manylinux_2_28_i686.whl", hash = "sha256:4c9f5d6a27d035dd90a146f7761c2272cf7103de5127c9ab9c4cd39ea61e878a", size = 59794, upload-time = "2025-08-20T11:55:53.69Z" },
    { url = "https://files.pythonhosted.org/packages/fe/a3/292551f936d3d02d9af148f53e1bc04306b00a7cf1fcbb86fa0d1c887242/ujson-5.11.0-cp313-cp313-manylinux_2_24_x86_64.manylinux_2_28_x86_64.whl", hash = "sha256:837da4d27fed5fdc1b630bd18f519744b23a0b5ada1bbde1a36ba463f2900c03", size = 57363, upload-time = "2025-08-20T11:55:54.843Z" },
    { url = "https://files.pythonhosted.org/packages/90/a6/82cfa70448831b1a9e73f882225980b5c689bf539ec6400b31656a60ea46/ujson-5.11.0-cp313-cp313-musllinux_1_2_aarch64.whl", hash = "sha256:787aff4a84da301b7f3bac09bc696e2e5670df829c6f8ecf39916b4e7e24e701", size = 1036311, upload-time = "2025-08-20T11:55:56.197Z" },
    { url = "https://files.pythonhosted.org/packages/84/5c/96e2266be50f21e9b27acaee8ca8f23ea0b85cb998c33d4f53147687839b/ujson-5.11.0-cp313-cp313-musllinux_1_2_i686.whl", hash = "sha256:6dd703c3e86dc6f7044c5ac0b3ae079ed96bf297974598116aa5fb7f655c3a60", size = 1195783, upload-time = "2025-08-20T11:55:58.081Z" },
    { url = "https://files.pythonhosted.org/packages/8d/20/78abe3d808cf3bb3e76f71fca46cd208317bf461c905d79f0d26b9df20f1/ujson-5.11.0-cp313-cp313-musllinux_1_2_x86_64.whl", hash = "sha256:3772e4fe6b0c1e025ba3c50841a0ca4786825a4894c8411bf8d3afe3a8061328", size = 1088822, upload-time = "2025-08-20T11:55:59.469Z" },
    { url = "https://files.pythonhosted.org/packages/d8/50/8856e24bec5e2fc7f775d867aeb7a3f137359356200ac44658f1f2c834b2/ujson-5.11.0-cp313-cp313-win32.whl", hash = "sha256:8fa2af7c1459204b7a42e98263b069bd535ea0cd978b4d6982f35af5a04a4241", size = 39753, upload-time = "2025-08-20T11:56:01.345Z" },
    { url = "https://files.pythonhosted.org/packages/5b/d8/1baee0f4179a4d0f5ce086832147b6cc9b7731c24ca08e14a3fdb8d39c32/ujson-5.11.0-cp313-cp313-win_amd64.whl", hash = "sha256:34032aeca4510a7c7102bd5933f59a37f63891f30a0706fb46487ab6f0edf8f0", size = 43866, upload-time = "2025-08-20T11:56:02.552Z" },
    { url = "https://files.pythonhosted.org/packages/a9/8c/6d85ef5be82c6d66adced3ec5ef23353ed710a11f70b0b6a836878396334/ujson-5.11.0-cp313-cp313-win_arm64.whl", hash = "sha256:ce076f2df2e1aa62b685086fbad67f2b1d3048369664b4cdccc50707325401f9", size = 38363, upload-time = "2025-08-20T11:56:03.688Z" },
    { url = "https://files.pythonhosted.org/packages/28/08/4518146f4984d112764b1dfa6fb7bad691c44a401adadaa5e23ccd930053/ujson-5.11.0-cp314-cp314-macosx_10_13_x86_64.whl", hash = "sha256:65724738c73645db88f70ba1f2e6fb678f913281804d5da2fd02c8c5839af302", size = 55462, upload-time = "2025-08-20T11:56:04.873Z" },
    { url = "https://files.pythonhosted.org/packages/29/37/2107b9a62168867a692654d8766b81bd2fd1e1ba13e2ec90555861e02b0c/ujson-5.11.0-cp314-cp314-macosx_11_0_arm64.whl", hash = "sha256:29113c003ca33ab71b1b480bde952fbab2a0b6b03a4ee4c3d71687cdcbd1a29d", size = 53246, upload-time = "2025-08-20T11:56:06.054Z" },
    { url = "https://files.pythonhosted.org/packages/9b/f8/25583c70f83788edbe3ca62ce6c1b79eff465d78dec5eb2b2b56b3e98b33/ujson-5.11.0-cp314-cp314-manylinux_2_24_aarch64.manylinux_2_28_aarch64.whl", hash = "sha256:c44c703842024d796b4c78542a6fcd5c3cb948b9fc2a73ee65b9c86a22ee3638", size = 57631, upload-time = "2025-08-20T11:56:07.374Z" },
    { url = "https://files.pythonhosted.org/packages/ed/ca/19b3a632933a09d696f10dc1b0dfa1d692e65ad507d12340116ce4f67967/ujson-5.11.0-cp314-cp314-manylinux_2_24_i686.manylinux_2_28_i686.whl", hash = "sha256:e750c436fb90edf85585f5c62a35b35082502383840962c6983403d1bd96a02c", size = 59877, upload-time = "2025-08-20T11:56:08.534Z" },
    { url = "https://files.pythonhosted.org/packages/55/7a/4572af5324ad4b2bfdd2321e898a527050290147b4ea337a79a0e4e87ec7/ujson-5.11.0-cp314-cp314-manylinux_2_24_x86_64.manylinux_2_28_x86_64.whl", hash = "sha256:f278b31a7c52eb0947b2db55a5133fbc46b6f0ef49972cd1a80843b72e135aba", size = 57363, upload-time = "2025-08-20T11:56:09.758Z" },
    { url = "https://files.pythonhosted.org/packages/7b/71/a2b8c19cf4e1efe53cf439cdf7198ac60ae15471d2f1040b490c1f0f831f/ujson-5.11.0-cp314-cp314-musllinux_1_2_aarch64.whl", hash = "sha256:ab2cb8351d976e788669c8281465d44d4e94413718af497b4e7342d7b2f78018", size = 1036394, upload-time = "2025-08-20T11:56:11.168Z" },
    { url = "https://files.pythonhosted.org/packages/7a/3e/7b98668cba3bb3735929c31b999b374ebc02c19dfa98dfebaeeb5c8597ca/ujson-5.11.0-cp314-cp314-musllinux_1_2_i686.whl", hash = "sha256:090b4d11b380ae25453100b722d0609d5051ffe98f80ec52853ccf8249dfd840", size = 1195837, upload-time = "2025-08-20T11:56:12.6Z" },
    { url = "https://files.pythonhosted.org/packages/a1/ea/8870f208c20b43571a5c409ebb2fe9b9dba5f494e9e60f9314ac01ea8f78/ujson-5.11.0-cp314-cp314-musllinux_1_2_x86_64.whl", hash = "sha256:80017e870d882d5517d28995b62e4e518a894f932f1e242cbc802a2fd64d365c", size = 1088837, upload-time = "2025-08-20T11:56:14.15Z" },
    { url = "https://files.pythonhosted.org/packages/63/b6/c0e6607e37fa47929920a685a968c6b990a802dec65e9c5181e97845985d/ujson-5.11.0-cp314-cp314-win32.whl", hash = "sha256:1d663b96eb34c93392e9caae19c099ec4133ba21654b081956613327f0e973ac", size = 41022, upload-time = "2025-08-20T11:56:15.509Z" },
    { url = "https://files.pythonhosted.org/packages/4e/56/f4fe86b4c9000affd63e9219e59b222dc48b01c534533093e798bf617a7e/ujson-5.11.0-cp314-cp314-win_amd64.whl", hash = "sha256:849e65b696f0d242833f1df4182096cedc50d414215d1371fca85c541fbff629", size = 45111, upload-time = "2025-08-20T11:56:16.597Z" },
    { url = "https://files.pythonhosted.org/packages/0a/f3/669437f0280308db4783b12a6d88c00730b394327d8334cc7a32ef218e64/ujson-5.11.0-cp314-cp314-win_arm64.whl", hash = "sha256:e73df8648c9470af2b6a6bf5250d4744ad2cf3d774dcf8c6e31f018bdd04d764", size = 39682, upload-time = "2025-08-20T11:56:17.763Z" },
    { url = "https://files.pythonhosted.org/packages/6e/cd/e9809b064a89fe5c4184649adeb13c1b98652db3f8518980b04227358574/ujson-5.11.0-cp314-cp314t-macosx_10_13_x86_64.whl", hash = "sha256:de6e88f62796372fba1de973c11138f197d3e0e1d80bcb2b8aae1e826096d433", size = 55759, upload-time = "2025-08-20T11:56:18.882Z" },
    { url = "https://files.pythonhosted.org/packages/1b/be/ae26a6321179ebbb3a2e2685b9007c71bcda41ad7a77bbbe164005e956fc/ujson-5.11.0-cp314-cp314t-macosx_11_0_arm64.whl", hash = "sha256:49e56ef8066f11b80d620985ae36869a3ff7e4b74c3b6129182ec5d1df0255f3", size = 53634, upload-time = "2025-08-20T11:56:20.012Z" },
    { url = "https://files.pythonhosted.org/packages/ae/e9/fb4a220ee6939db099f4cfeeae796ecb91e7584ad4d445d4ca7f994a9135/ujson-5.11.0-cp314-cp314t-manylinux_2_24_aarch64.manylinux_2_28_aarch64.whl", hash = "sha256:1a325fd2c3a056cf6c8e023f74a0c478dd282a93141356ae7f16d5309f5ff823", size = 58547, upload-time = "2025-08-20T11:56:21.175Z" },
    { url = "https://files.pythonhosted.org/packages/bd/f8/fc4b952b8f5fea09ea3397a0bd0ad019e474b204cabcb947cead5d4d1ffc/ujson-5.11.0-cp314-cp314t-manylinux_2_24_i686.manylinux_2_28_i686.whl", hash = "sha256:a0af6574fc1d9d53f4ff371f58c96673e6d988ed2b5bf666a6143c782fa007e9", size = 60489, upload-time = "2025-08-20T11:56:22.342Z" },
    { url = "https://files.pythonhosted.org/packages/2e/e5/af5491dfda4f8b77e24cf3da68ee0d1552f99a13e5c622f4cef1380925c3/ujson-5.11.0-cp314-cp314t-manylinux_2_24_x86_64.manylinux_2_28_x86_64.whl", hash = "sha256:10f29e71ecf4ecd93a6610bd8efa8e7b6467454a363c3d6416db65de883eb076", size = 58035, upload-time = "2025-08-20T11:56:23.92Z" },
    { url = "https://files.pythonhosted.org/packages/c4/09/0945349dd41f25cc8c38d78ace49f14c5052c5bbb7257d2f466fa7bdb533/ujson-5.11.0-cp314-cp314t-musllinux_1_2_aarch64.whl", hash = "sha256:1a0a9b76a89827a592656fe12e000cf4f12da9692f51a841a4a07aa4c7ecc41c", size = 1037212, upload-time = "2025-08-20T11:56:25.274Z" },
    { url = "https://files.pythonhosted.org/packages/49/44/8e04496acb3d5a1cbee3a54828d9652f67a37523efa3d3b18a347339680a/ujson-5.11.0-cp314-cp314t-musllinux_1_2_i686.whl", hash = "sha256:b16930f6a0753cdc7d637b33b4e8f10d5e351e1fb83872ba6375f1e87be39746", size = 1196500, upload-time = "2025-08-20T11:56:27.517Z" },
    { url = "https://files.pythonhosted.org/packages/64/ae/4bc825860d679a0f208a19af2f39206dfd804ace2403330fdc3170334a2f/ujson-5.11.0-cp314-cp314t-musllinux_1_2_x86_64.whl", hash = "sha256:04c41afc195fd477a59db3a84d5b83a871bd648ef371cf8c6f43072d89144eef", size = 1089487, upload-time = "2025-08-20T11:56:29.07Z" },
    { url = "https://files.pythonhosted.org/packages/30/ed/5a057199fb0a5deabe0957073a1c1c1c02a3e99476cd03daee98ea21fa57/ujson-5.11.0-cp314-cp314t-win32.whl", hash = "sha256:aa6d7a5e09217ff93234e050e3e380da62b084e26b9f2e277d2606406a2fc2e5", size = 41859, upload-time = "2025-08-20T11:56:30.495Z" },
    { url = "https://files.pythonhosted.org/packages/aa/03/b19c6176bdf1dc13ed84b886e99677a52764861b6cc023d5e7b6ebda249d/ujson-5.11.0-cp314-cp314t-win_amd64.whl", hash = "sha256:48055e1061c1bb1f79e75b4ac39e821f3f35a9b82de17fce92c3140149009bec", size = 46183, upload-time = "2025-08-20T11:56:31.574Z" },
    { url = "https://files.pythonhosted.org/packages/5d/ca/a0413a3874b2dc1708b8796ca895bf363292f9c70b2e8ca482b7dbc0259d/ujson-5.11.0-cp314-cp314t-win_arm64.whl", hash = "sha256:1194b943e951092db611011cb8dbdb6cf94a3b816ed07906e14d3bc6ce0e90ab", size = 40264, upload-time = "2025-08-20T11:56:32.773Z" },
]
